{
  "name": "@datocms/cma-client-analysis",
  "version": "5.5.2",
  "lockfileVersion": 3,
  "requires": true,
  "packages": {
    "": {
      "name": "@datocms/cma-client-analysis",
      "version": "5.5.1",
      "license": "MIT",
      "devDependencies": {
        "@datocms/cma-client-node": "^5.5.1",
        "@datocms/rest-api-reference": "^5.4.19",
        "typescript": "^5.0.0"
      },
      "peerDependencies": {
        "@datocms/cma-client-node": "^5.4.7",
        "@datocms/rest-api-reference": "^5.4.1",
        "typescript": ">=5.0.0"
      }
    },
    "node_modules/@apidevtools/json-schema-ref-parser": {
      "version": "11.9.3",
      "resolved": "https://registry.npmjs.org/@apidevtools/json-schema-ref-parser/-/json-schema-ref-parser-11.9.3.tgz",
      "integrity": "sha512-60vepv88RwcJtSHrD6MjIL6Ta3SOYbgfnkHb+ppAVK+o9mXprRtulx7VlRl3lN3bbvysAfCS7WMVfhUYemB0IQ==",
      "dev": true,
      "license": "MIT",
      "dependencies": {
        "@jsdevtools/ono": "^7.1.3",
        "@types/json-schema": "^7.0.15",
        "js-yaml": "^4.1.0"
      },
      "engines": {
        "node": ">= 16"
      },
      "funding": {
        "url": "https://github.com/sponsors/philsturgeon"
      }
    },
    "node_modules/@datocms/cma-client": {
      "version": "5.5.1",
      "resolved": "https://registry.npmjs.org/@datocms/cma-client/-/cma-client-5.5.1.tgz",
      "integrity": "sha512-CeAfvaBiVVqvp0vZyU6wtBb1Dn2DNsG7EfRM1pIPiDcwckCrM2mJwVTkseLqKcM5knJqbnA4BH909Q+NCTI0cQ==",
      "dev": true,
      "license": "MIT",
      "dependencies": {
        "@datocms/rest-client-utils": "^5.4.9",
        "datocms-structured-text-utils": "^5.1.4",
        "uuid": "^11.1.1"
      }
    },
    "node_modules/@datocms/cma-client-node": {
      "version": "5.5.1",
      "resolved": "https://registry.npmjs.org/@datocms/cma-client-node/-/cma-client-node-5.5.1.tgz",
      "integrity": "sha512-wsUgJaOwBJc/6oxzJYU1G7Oh7gYkSyiuY4h/4wybgd8B+U9tgsFpzKAnkv3Wmaj5y5RETdBv1M8d8JnTeYm5eQ==",
      "dev": true,
      "license": "MIT",
      "dependencies": {
        "@datocms/cma-client": "^5.5.1",
        "@datocms/rest-client-utils": "^5.4.9",
        "mime-types": "^2.1.35",
        "tmp-promise": "^3.0.3"
      }
    },
    "node_modules/@datocms/rest-api-reference": {
      "version": "5.4.19",
      "resolved": "https://registry.npmjs.org/@datocms/rest-api-reference/-/rest-api-reference-5.4.19.tgz",
      "integrity": "sha512-7zOmt6lsElJxTy96DW1H3kPxxejwLcv7vnp0PKZwYUF9bo9ROiUbDEjpOzJL5RIr2Ww/RjeqKIj4lAWW8M5N8w==",
      "dev": true,
      "license": "MIT",
      "dependencies": {
        "@apidevtools/json-schema-ref-parser": "^11.7.0"
      }
    },
    "node_modules/@datocms/rest-client-utils": {
      "version": "5.4.9",
      "resolved": "https://registry.npmjs.org/@datocms/rest-client-utils/-/rest-client-utils-5.4.9.tgz",
      "integrity": "sha512-Gfv7R7pgHKk4oTfjBeQINsRojTEyOWyj8gFYhmuoF49vjfPFUqj27RT9W5HRpSUowJ7vw3DqRXY3yjJrzhovAg==",
      "dev": true,
      "license": "MIT",
      "dependencies": {
        "async-scheduler": "^1.4.4"
      }
    },
    "node_modules/@jsdevtools/ono": {
      "version": "7.1.3",
      "resolved": "https://registry.npmjs.org/@jsdevtools/ono/-/ono-7.1.3.tgz",
      "integrity": "sha512-4JQNk+3mVzK3xh2rqd6RB4J46qUR19azEHBneZyTZM+c456qOrbbM/5xcR8huNCCcbVt7+UmizG6GuUvPvKUYg==",
      "dev": true,
      "license": "MIT"
    },
    "node_modules/@types/json-schema": {
      "version": "7.0.15",
      "resolved": "https://registry.npmjs.org/@types/json-schema/-/json-schema-7.0.15.tgz",
      "integrity": "sha512-5+fP8P8MFNC+AyZCDxrB2pkZFPGzqQWUzpSeuuVLvm8VMcorNYavBqoFcxK8bQz4Qsbn4oUEEem4wDLfcysGHA==",
      "dev": true,
      "license": "MIT"
    },
    "node_modules/argparse": {
      "version": "2.0.1",
      "resolved": "https://registry.npmjs.org/argparse/-/argparse-2.0.1.tgz",
      "integrity": "sha512-8+9WqebbFzpX9OR+Wa6O29asIogeRMzcGtAINdpMHHyAg10f05aSFVBbcEqGf/PXw1EjAZ+q2/bEBg3DvurK3Q==",
      "dev": true,
      "license": "Python-2.0"
    },
    "node_modules/array-flatten": {
      "version": "3.0.0",
      "resolved": "https://registry.npmjs.org/array-flatten/-/array-flatten-3.0.0.tgz",
      "integrity": "sha512-zPMVc3ZYlGLNk4mpK1NzP2wg0ml9t7fUgDsayR5Y5rSzxQilzR9FGu/EH2jQOcKSAeAfWeylyW8juy3OkWRvNA==",
      "dev": true,
      "license": "MIT"
    },
    "node_modules/async-scheduler": {
      "version": "1.4.4",
      "resolved": "https://registry.npmjs.org/async-scheduler/-/async-scheduler-1.4.4.tgz",
      "integrity": "sha512-KVWlF6WKlUGJA8FOJYVVk7xDm3PxITWXp9hTeDsXMtUPvItQ2x6g2rIeNAa0TtAiiWvHJqhyA3wo+pj0rA7Ldg==",
      "dev": true,
      "license": "MIT"
    },
    "node_modules/datocms-structured-text-utils": {
      "version": "5.1.16",
      "resolved": "https://registry.npmjs.org/datocms-structured-text-utils/-/datocms-structured-text-utils-5.1.16.tgz",
      "integrity": "sha512-BcTB1dLtE5q+59BCb3Yu+IgNW31ivjXe1W6VaZzamtvN6KcACdoUaeCQJbJ7aOI7zz/RAZM2yDr+roN6xfzrKg==",
      "dev": true,
      "license": "MIT",
      "dependencies": {
        "array-flatten": "^3.0.0"
      }
    },
    "node_modules/js-yaml": {
      "version": "4.2.0",
      "resolved": "https://registry.npmjs.org/js-yaml/-/js-yaml-4.2.0.tgz",
      "integrity": "sha512-ePWsvanv0DWuDRsW8dnt+R4jQ31SCRCQ7hhNcPXZPsoBZiemuZNYGf7adZdqX2D86j6rvKp3RpCxVTSb8WQlOw==",
      "dev": true,
      "funding": [
        {
          "type": "github",
          "url": "https://github.com/sponsors/puzrin"
        },
        {
          "type": "github",
          "url": "https://github.com/sponsors/nodeca"
        }
      ],
      "license": "MIT",
      "dependencies": {
        "argparse": "^2.0.1"
      },
      "bin": {
        "js-yaml": "bin/js-yaml.js"
      }
    },
    "node_modules/mime-db": {
      "version": "1.52.0",
      "resolved": "https://registry.npmjs.org/mime-db/-/mime-db-1.52.0.tgz",
      "integrity": "sha512-sPU4uV7dYlvtWJxwwxHD0PuihVNiE7TyAbQ5SWxDCB9mUYvOgroQOwYQQOKPJ8CIbE+1ETVlOoK1UC2nU3gYvg==",
      "dev": true,
      "license": "MIT",
      "engines": {
        "node": ">= 0.6"
      }
    },
    "node_modules/mime-types": {
      "version": "2.1.35",
      "resolved": "https://registry.npmjs.org/mime-types/-/mime-types-2.1.35.tgz",
      "integrity": "sha512-ZDY+bPm5zTTF+YpCrAU9nK0UgICYPT0QtT1NZWFv4s++TNkcgVaT0g6+4R2uI4MjQjzysHB1zxuWL50hzaeXiw==",
      "dev": true,
      "license": "MIT",
      "dependencies": {
        "mime-db": "1.52.0"
      },
      "engines": {
        "node": ">= 0.6"
      }
    },
    "node_modules/tmp": {
      "version": "0.2.7",
      "resolved": "https://registry.npmjs.org/tmp/-/tmp-0.2.7.tgz",
      "integrity": "sha512-e0votIpp4Uo2AJYSzVHV6xCcawuiez3DzqDAbrTc3YxBkplN6e+dM13ZeIcZnDg/QpSuU2zfZ3rzwY8ukEnaXw==",
      "dev": true,
      "license": "MIT",
      "engines": {
        "node": ">=14.14"
      }
    },
    "node_modules/tmp-promise": {
      "version": "3.0.3",
      "resolved": "https://registry.npmjs.org/tmp-promise/-/tmp-promise-3.0.3.tgz",
      "integrity": "sha512-RwM7MoPojPxsOBYnyd2hy0bxtIlVrihNs9pj5SUvY8Zz1sQcQG2tG1hSr8PDxfgEB8RNKDhqbIlroIarSNDNsQ==",
      "dev": true,
      "license": "MIT",
      "dependencies": {
        "tmp": "^0.2.0"
      }
    },
    "node_modules/typescript": {
      "version": "5.9.3",
      "resolved": "https://registry.npmjs.org/typescript/-/typescript-5.9.3.tgz",
      "integrity": "sha512-jl1vZzPDinLr9eUt3J/t7V6FgNEw9QjvBPdysz9KfQDD41fQrC2Y4vKQdiaUpFT4bXlb1RHhLpp8wtm6M5TgSw==",
      "dev": true,
      "license": "Apache-2.0",
      "bin": {
        "tsc": "bin/tsc",
        "tsserver": "bin/tsserver"
      },
      "engines": {
        "node": ">=14.17"
      }
    },
    "node_modules/uuid": {
      "version": "11.1.1",
      "resolved": "https://registry.npmjs.org/uuid/-/uuid-11.1.1.tgz",
      "integrity": "sha512-vIYxrBCC/N/K+Js3qSN88go7kIfNPssr/hHCesKCQNAjmgvYS2oqr69kIufEG+O4+PfezOH4EbIeHCfFov8ZgQ==",
      "dev": true,
      "funding": [
        "https://github.com/sponsors/broofa",
        "https://github.com/sponsors/ctavan"
      ],
      "license": "MIT",
      "bin": {
        "uuid": "dist/esm/bin/uuid"
      }
    }
  }
}
