{
  "name": "@datocms/cma-client",
  "version": "3.3.6",
  "lockfileVersion": 2,
  "requires": true,
  "packages": {
    "": {
      "name": "@datocms/cma-client",
      "version": "3.0.7",
      "license": "MIT",
      "dependencies": {
        "@datocms/rest-client-utils": "^3.0.5",
        "uuid": "^9.0.1"
      },
      "devDependencies": {
        "@datocms/dashboard-client": "^3.0.5",
        "@types/uuid": "^9.0.7"
      }
    },
    "../dashboard-client": {
      "name": "@datocms/dashboard-client",
      "version": "3.0.4",
      "extraneous": true,
      "license": "MIT",
      "dependencies": {
        "@datocms/rest-client-utils": "^3.0.1"
      }
    },
    "../rest-client-utils": {
      "name": "@datocms/rest-client-utils",
      "version": "3.0.1",
      "extraneous": true,
      "license": "MIT",
      "dependencies": {
        "async-scheduler": "^1.4.4"
      },
      "devDependencies": {
        "@types/qs": "^6.9.7"
      }
    },
    "node_modules/@datocms/dashboard-client": {
      "version": "3.0.5",
      "resolved": "https://registry.npmjs.org/@datocms/dashboard-client/-/dashboard-client-3.0.5.tgz",
      "integrity": "sha512-vEPH2JTYQRWKXHE5saOz0ivEulu5BUKw46JVm/C/je5bO4MbwoGJs1wjSXonSxiVIn3tcM8FmicV7zSP4Nfptw==",
      "dev": true,
      "dependencies": {
        "@datocms/rest-client-utils": "^3.0.5"
      }
    },
    "node_modules/@datocms/rest-client-utils": {
      "version": "3.0.5",
      "resolved": "https://registry.npmjs.org/@datocms/rest-client-utils/-/rest-client-utils-3.0.5.tgz",
      "integrity": "sha512-BoyfQ8vT8X84V8x0MKuM8SXwUh+Vi3Xd1bJg7rDExsfGIEYaNVoDlAXnuJNMsX5Y/d2oZRPdQdpb4n4YQ4GfLA==",
      "dependencies": {
        "async-scheduler": "^1.4.4"
      }
    },
    "node_modules/@types/uuid": {
      "version": "9.0.7",
      "resolved": "https://registry.npmjs.org/@types/uuid/-/uuid-9.0.7.tgz",
      "integrity": "sha512-WUtIVRUZ9i5dYXefDEAI7sh9/O7jGvHg7Df/5O/gtH3Yabe5odI3UWopVR1qbPXQtvOxWu3mM4XxlYeZtMWF4g==",
      "dev": true
    },
    "node_modules/async-scheduler": {
      "version": "1.4.4",
      "resolved": "https://registry.npmjs.org/async-scheduler/-/async-scheduler-1.4.4.tgz",
      "integrity": "sha512-KVWlF6WKlUGJA8FOJYVVk7xDm3PxITWXp9hTeDsXMtUPvItQ2x6g2rIeNAa0TtAiiWvHJqhyA3wo+pj0rA7Ldg=="
    },
    "node_modules/uuid": {
      "version": "9.0.1",
      "resolved": "https://registry.npmjs.org/uuid/-/uuid-9.0.1.tgz",
      "integrity": "sha512-b+1eJOlsR9K8HJpow9Ok3fiWOWSIcIzXodvv0rQjVoOVNpWMpxf1wZNpt4y9h10odCNrqnYp1OBzRktckBe3sA==",
      "funding": [
        "https://github.com/sponsors/broofa",
        "https://github.com/sponsors/ctavan"
      ],
      "bin": {
        "uuid": "dist/bin/uuid"
      }
    }
  },
  "dependencies": {
    "@datocms/dashboard-client": {
      "version": "3.0.5",
      "resolved": "https://registry.npmjs.org/@datocms/dashboard-client/-/dashboard-client-3.0.5.tgz",
      "integrity": "sha512-vEPH2JTYQRWKXHE5saOz0ivEulu5BUKw46JVm/C/je5bO4MbwoGJs1wjSXonSxiVIn3tcM8FmicV7zSP4Nfptw==",
      "dev": true,
      "requires": {
        "@datocms/rest-client-utils": "^3.0.5"
      }
    },
    "@datocms/rest-client-utils": {
      "version": "3.0.5",
      "resolved": "https://registry.npmjs.org/@datocms/rest-client-utils/-/rest-client-utils-3.0.5.tgz",
      "integrity": "sha512-BoyfQ8vT8X84V8x0MKuM8SXwUh+Vi3Xd1bJg7rDExsfGIEYaNVoDlAXnuJNMsX5Y/d2oZRPdQdpb4n4YQ4GfLA==",
      "requires": {
        "async-scheduler": "^1.4.4"
      }
    },
    "@types/uuid": {
      "version": "9.0.7",
      "resolved": "https://registry.npmjs.org/@types/uuid/-/uuid-9.0.7.tgz",
      "integrity": "sha512-WUtIVRUZ9i5dYXefDEAI7sh9/O7jGvHg7Df/5O/gtH3Yabe5odI3UWopVR1qbPXQtvOxWu3mM4XxlYeZtMWF4g==",
      "dev": true
    },
    "async-scheduler": {
      "version": "1.4.4",
      "resolved": "https://registry.npmjs.org/async-scheduler/-/async-scheduler-1.4.4.tgz",
      "integrity": "sha512-KVWlF6WKlUGJA8FOJYVVk7xDm3PxITWXp9hTeDsXMtUPvItQ2x6g2rIeNAa0TtAiiWvHJqhyA3wo+pj0rA7Ldg=="
    },
    "uuid": {
      "version": "9.0.1",
      "resolved": "https://registry.npmjs.org/uuid/-/uuid-9.0.1.tgz",
      "integrity": "sha512-b+1eJOlsR9K8HJpow9Ok3fiWOWSIcIzXodvv0rQjVoOVNpWMpxf1wZNpt4y9h10odCNrqnYp1OBzRktckBe3sA=="
    }
  }
}
