{
  "name": "@datocms/cma-schema-types-generator",
  "version": "5.4.11",
  "lockfileVersion": 3,
  "requires": true,
  "packages": {
    "": {
      "name": "@datocms/cma-schema-types-generator",
      "version": "5.4.11",
      "license": "MIT",
      "dependencies": {
        "@prettier/sync": "^0.6.1",
        "prettier": "^3.4.2",
        "typescript": "5.7.2"
      },
      "devDependencies": {
        "@datocms/cma-client": "^5.4.9"
      },
      "peerDependencies": {
        "@datocms/cma-client": "^5.4.9"
      }
    },
    "node_modules/@datocms/cma-client": {
      "version": "5.4.11",
      "resolved": "https://registry.npmjs.org/@datocms/cma-client/-/cma-client-5.4.11.tgz",
      "integrity": "sha512-MTumVQfSfyMJzBXa80lgH52MS//RT5cx7Ry3iRW/71xQGbMIOd5EkF27iSkXQ5AczzVjhyJHm8ZdbGmJXfCfrg==",
      "dev": true,
      "license": "MIT",
      "dependencies": {
        "@datocms/rest-client-utils": "^5.4.9",
        "datocms-structured-text-utils": "^5.1.4",
        "uuid": "^9.0.1"
      }
    },
    "node_modules/@datocms/rest-client-utils": {
      "version": "5.4.9",
      "resolved": "https://registry.npmjs.org/@datocms/rest-client-utils/-/rest-client-utils-5.4.9.tgz",
      "integrity": "sha512-Gfv7R7pgHKk4oTfjBeQINsRojTEyOWyj8gFYhmuoF49vjfPFUqj27RT9W5HRpSUowJ7vw3DqRXY3yjJrzhovAg==",
      "dev": true,
      "license": "MIT",
      "dependencies": {
        "async-scheduler": "^1.4.4"
      }
    },
    "node_modules/@prettier/sync": {
      "version": "0.6.1",
      "resolved": "https://registry.npmjs.org/@prettier/sync/-/sync-0.6.1.tgz",
      "integrity": "sha512-yF9G8vK/LYUTF3Cijd7VC9La3b20F20/J/fgoR4H0B8JGOWnZVZX6+I6+vODPosjmMcpdlUV+gUqJQZp3kLOcw==",
      "license": "MIT",
      "dependencies": {
        "make-synchronized": "^0.8.0"
      },
      "funding": {
        "url": "https://github.com/prettier/prettier-synchronized?sponsor=1"
      },
      "peerDependencies": {
        "prettier": "*"
      }
    },
    "node_modules/array-flatten": {
      "version": "3.0.0",
      "resolved": "https://registry.npmjs.org/array-flatten/-/array-flatten-3.0.0.tgz",
      "integrity": "sha512-zPMVc3ZYlGLNk4mpK1NzP2wg0ml9t7fUgDsayR5Y5rSzxQilzR9FGu/EH2jQOcKSAeAfWeylyW8juy3OkWRvNA==",
      "dev": true,
      "license": "MIT"
    },
    "node_modules/async-scheduler": {
      "version": "1.4.4",
      "resolved": "https://registry.npmjs.org/async-scheduler/-/async-scheduler-1.4.4.tgz",
      "integrity": "sha512-KVWlF6WKlUGJA8FOJYVVk7xDm3PxITWXp9hTeDsXMtUPvItQ2x6g2rIeNAa0TtAiiWvHJqhyA3wo+pj0rA7Ldg==",
      "dev": true,
      "license": "MIT"
    },
    "node_modules/datocms-structured-text-utils": {
      "version": "5.1.15",
      "resolved": "https://registry.npmjs.org/datocms-structured-text-utils/-/datocms-structured-text-utils-5.1.15.tgz",
      "integrity": "sha512-J9x9iWHizqUp99CVLA7IAVKv/9u+K9r6vc1knbF7+fVoPsx3KYyv2kfX0jHctNirsNkGyQ2v+aj6UZl2pw0jvA==",
      "dev": true,
      "license": "MIT",
      "dependencies": {
        "array-flatten": "^3.0.0"
      }
    },
    "node_modules/make-synchronized": {
      "version": "0.8.0",
      "resolved": "https://registry.npmjs.org/make-synchronized/-/make-synchronized-0.8.0.tgz",
      "integrity": "sha512-DZu4lwc0ffoFz581BSQa/BJl+1ZqIkoRQ+VejMlH0VrP4E86StAODnZujZ4sepumQj8rcP7wUnUBGM8Gu+zKUA==",
      "license": "MIT",
      "funding": {
        "url": "https://github.com/fisker/make-synchronized?sponsor=1"
      }
    },
    "node_modules/prettier": {
      "version": "3.8.3",
      "resolved": "https://registry.npmjs.org/prettier/-/prettier-3.8.3.tgz",
      "integrity": "sha512-7igPTM53cGHMW8xWuVTydi2KO233VFiTNyF5hLJqpilHfmn8C8gPf+PS7dUT64YcXFbiMGZxS9pCSxL/Dxm/Jw==",
      "license": "MIT",
      "bin": {
        "prettier": "bin/prettier.cjs"
      },
      "engines": {
        "node": ">=14"
      },
      "funding": {
        "url": "https://github.com/prettier/prettier?sponsor=1"
      }
    },
    "node_modules/typescript": {
      "version": "5.7.2",
      "resolved": "https://registry.npmjs.org/typescript/-/typescript-5.7.2.tgz",
      "integrity": "sha512-i5t66RHxDvVN40HfDd1PsEThGNnlMCMT3jMUuoh9/0TaqWevNontacunWyN02LA9/fIbEWlcHZcgTKb9QoaLfg==",
      "license": "Apache-2.0",
      "bin": {
        "tsc": "bin/tsc",
        "tsserver": "bin/tsserver"
      },
      "engines": {
        "node": ">=14.17"
      }
    },
    "node_modules/uuid": {
      "version": "9.0.1",
      "resolved": "https://registry.npmjs.org/uuid/-/uuid-9.0.1.tgz",
      "integrity": "sha512-b+1eJOlsR9K8HJpow9Ok3fiWOWSIcIzXodvv0rQjVoOVNpWMpxf1wZNpt4y9h10odCNrqnYp1OBzRktckBe3sA==",
      "dev": true,
      "funding": [
        "https://github.com/sponsors/broofa",
        "https://github.com/sponsors/ctavan"
      ],
      "license": "MIT",
      "bin": {
        "uuid": "dist/bin/uuid"
      }
    }
  }
}
