{
	"name": "@datocms/rest-api-events",
	"version": "1.1.23-alpha.4",
	"lockfileVersion": 2,
	"requires": true,
	"packages": {
		"": {
			"name": "@datocms/rest-api-events",
			"version": "1.1.11",
			"license": "MIT",
			"dependencies": {
				"pusher-js": "^7.0.6"
			}
		},
		"node_modules/pusher-js": {
			"version": "7.0.6",
			"resolved": "https://registry.npmjs.org/pusher-js/-/pusher-js-7.0.6.tgz",
			"integrity": "sha512-I44FTlF2OfGNg/4xcxmFq/JqFzJswoQWtWCPq+DkCh31MFg3Qkm3bNFvTXU+c5KR19TyBZ9SYlYq2rrpJZzbIA==",
			"dependencies": {
				"tweetnacl": "^1.0.3"
			}
		},
		"node_modules/tweetnacl": {
			"version": "1.0.3",
			"resolved": "https://registry.npmjs.org/tweetnacl/-/tweetnacl-1.0.3.tgz",
			"integrity": "sha512-6rt+RN7aOi1nGMyC4Xa5DdYiukl2UWCbcJft7YhxReBGQD7OAM8Pbxw6YMo4r2diNEA8FEmu32YOn9rhaiE5yw=="
		}
	},
	"dependencies": {
		"pusher-js": {
			"version": "7.0.6",
			"resolved": "https://registry.npmjs.org/pusher-js/-/pusher-js-7.0.6.tgz",
			"integrity": "sha512-I44FTlF2OfGNg/4xcxmFq/JqFzJswoQWtWCPq+DkCh31MFg3Qkm3bNFvTXU+c5KR19TyBZ9SYlYq2rrpJZzbIA==",
			"requires": {
				"tweetnacl": "^1.0.3"
			}
		},
		"tweetnacl": {
			"version": "1.0.3",
			"resolved": "https://registry.npmjs.org/tweetnacl/-/tweetnacl-1.0.3.tgz",
			"integrity": "sha512-6rt+RN7aOi1nGMyC4Xa5DdYiukl2UWCbcJft7YhxReBGQD7OAM8Pbxw6YMo4r2diNEA8FEmu32YOn9rhaiE5yw=="
		}
	}
}
