{
	"name": "@datocms/rest-api-events",
	"version": "5.2.0-alpha.5",
	"lockfileVersion": 2,
	"requires": true,
	"packages": {
		"": {
			"name": "@datocms/rest-api-events",
			"version": "4.0.1",
			"license": "MIT",
			"dependencies": {
				"pusher-js": "^7.0.6"
			}
		},
		"node_modules/@types/express-serve-static-core": {
			"version": "4.17.28",
			"resolved": "https://registry.npmjs.org/@types/express-serve-static-core/-/express-serve-static-core-4.17.28.tgz",
			"integrity": "sha512-P1BJAEAW3E2DJUlkgq4tOL3RyMunoWXqbSCygWo5ZIWTjUgN1YnaXWW4VWl/oc8vs/XoYibEGBKP0uZyF4AHig==",
			"dependencies": {
				"@types/node": "*",
				"@types/qs": "*",
				"@types/range-parser": "*"
			}
		},
		"node_modules/@types/node": {
			"version": "14.18.63",
			"resolved": "https://registry.npmjs.org/@types/node/-/node-14.18.63.tgz",
			"integrity": "sha512-fAtCfv4jJg+ExtXhvCkCqUKZ+4ok/JQk01qDKhL5BDDoS3AxKXhV5/MAVUZyQnSEd2GT92fkgZl0pz0Q0AzcIQ=="
		},
		"node_modules/@types/qs": {
			"version": "6.9.10",
			"resolved": "https://registry.npmjs.org/@types/qs/-/qs-6.9.10.tgz",
			"integrity": "sha512-3Gnx08Ns1sEoCrWssEgTSJs/rsT2vhGP+Ja9cnnk9k4ALxinORlQneLXFeFKOTJMOeZUFD1s7w+w2AphTpvzZw=="
		},
		"node_modules/@types/range-parser": {
			"version": "1.2.7",
			"resolved": "https://registry.npmjs.org/@types/range-parser/-/range-parser-1.2.7.tgz",
			"integrity": "sha512-hKormJbkJqzQGhziax5PItDUTMAM9uE2XXQmM37dyd4hVM+5aVl7oVxMVUiVQn2oCQFN/LKCZdvSM0pFRqbSmQ=="
		},
		"node_modules/pusher-js": {
			"version": "7.6.0",
			"resolved": "https://registry.npmjs.org/pusher-js/-/pusher-js-7.6.0.tgz",
			"integrity": "sha512-5CJ7YN5ZdC24E0ETraCU5VYFv0IY5ziXhrS0gS5+9Qrro1E4M1lcZhtr9H1H+6jNSLj1LKKAgcLeE1EH9GxMlw==",
			"dependencies": {
				"@types/express-serve-static-core": "4.17.28",
				"@types/node": "^14.14.31",
				"tweetnacl": "^1.0.3"
			}
		},
		"node_modules/tweetnacl": {
			"version": "1.0.3",
			"resolved": "https://registry.npmjs.org/tweetnacl/-/tweetnacl-1.0.3.tgz",
			"integrity": "sha512-6rt+RN7aOi1nGMyC4Xa5DdYiukl2UWCbcJft7YhxReBGQD7OAM8Pbxw6YMo4r2diNEA8FEmu32YOn9rhaiE5yw=="
		}
	},
	"dependencies": {
		"@types/express-serve-static-core": {
			"version": "4.17.28",
			"resolved": "https://registry.npmjs.org/@types/express-serve-static-core/-/express-serve-static-core-4.17.28.tgz",
			"integrity": "sha512-P1BJAEAW3E2DJUlkgq4tOL3RyMunoWXqbSCygWo5ZIWTjUgN1YnaXWW4VWl/oc8vs/XoYibEGBKP0uZyF4AHig==",
			"requires": {
				"@types/node": "*",
				"@types/qs": "*",
				"@types/range-parser": "*"
			}
		},
		"@types/node": {
			"version": "14.18.63",
			"resolved": "https://registry.npmjs.org/@types/node/-/node-14.18.63.tgz",
			"integrity": "sha512-fAtCfv4jJg+ExtXhvCkCqUKZ+4ok/JQk01qDKhL5BDDoS3AxKXhV5/MAVUZyQnSEd2GT92fkgZl0pz0Q0AzcIQ=="
		},
		"@types/qs": {
			"version": "6.9.10",
			"resolved": "https://registry.npmjs.org/@types/qs/-/qs-6.9.10.tgz",
			"integrity": "sha512-3Gnx08Ns1sEoCrWssEgTSJs/rsT2vhGP+Ja9cnnk9k4ALxinORlQneLXFeFKOTJMOeZUFD1s7w+w2AphTpvzZw=="
		},
		"@types/range-parser": {
			"version": "1.2.7",
			"resolved": "https://registry.npmjs.org/@types/range-parser/-/range-parser-1.2.7.tgz",
			"integrity": "sha512-hKormJbkJqzQGhziax5PItDUTMAM9uE2XXQmM37dyd4hVM+5aVl7oVxMVUiVQn2oCQFN/LKCZdvSM0pFRqbSmQ=="
		},
		"pusher-js": {
			"version": "7.6.0",
			"resolved": "https://registry.npmjs.org/pusher-js/-/pusher-js-7.6.0.tgz",
			"integrity": "sha512-5CJ7YN5ZdC24E0ETraCU5VYFv0IY5ziXhrS0gS5+9Qrro1E4M1lcZhtr9H1H+6jNSLj1LKKAgcLeE1EH9GxMlw==",
			"requires": {
				"@types/express-serve-static-core": "4.17.28",
				"@types/node": "^14.14.31",
				"tweetnacl": "^1.0.3"
			}
		},
		"tweetnacl": {
			"version": "1.0.3",
			"resolved": "https://registry.npmjs.org/tweetnacl/-/tweetnacl-1.0.3.tgz",
			"integrity": "sha512-6rt+RN7aOi1nGMyC4Xa5DdYiukl2UWCbcJft7YhxReBGQD7OAM8Pbxw6YMo4r2diNEA8FEmu32YOn9rhaiE5yw=="
		}
	}
}
