{
  "name": "@datocms/dashboard-client",
  "version": "3.1.7-alpha.0",
  "lockfileVersion": 2,
  "requires": true,
  "packages": {
    "": {
      "name": "@datocms/dashboard-client",
      "version": "3.1.5",
      "license": "MIT",
      "dependencies": {
        "@datocms/rest-client-utils": "^3.1.5"
      }
    },
    "../rest-client-utils": {
      "name": "@datocms/rest-client-utils",
      "version": "3.1.5",
      "license": "MIT",
      "dependencies": {
        "async-scheduler": "^1.4.4"
      },
      "devDependencies": {
        "@types/qs": "^6.9.7"
      }
    },
    "../rest-client-utils/node_modules/@types/qs": {
      "version": "6.9.7",
      "dev": true,
      "license": "MIT"
    },
    "../rest-client-utils/node_modules/async-scheduler": {
      "version": "1.4.4",
      "license": "MIT"
    },
    "node_modules/@datocms/rest-client-utils": {
      "resolved": "../rest-client-utils",
      "link": true
    }
  },
  "dependencies": {
    "@datocms/rest-client-utils": {
      "version": "file:../rest-client-utils",
      "requires": {
        "@types/qs": "^6.9.7",
        "async-scheduler": "^1.4.4"
      },
      "dependencies": {
        "@types/qs": {
          "version": "6.9.7",
          "dev": true
        },
        "async-scheduler": {
          "version": "1.4.4"
        }
      }
    }
  }
}
